# This is a Gradle generated file for dependency locking.
# Manual edits can break the build and are not advised.
# This file is expected to be part of source control.
net.sourceforge.nekohtml:nekohtml:1.9.18=compileClasspath,runtimeClasspath,testCompileClasspath,testRuntimeClasspath
xerces:xercesImpl:2.10.0=compileClasspath,runtimeClasspath,testCompileClasspath,testRuntimeClasspath
xml-apis:xml-apis:1.4.01=compileClasspath,runtimeClasspath,testCompileClasspath,testRuntimeClasspath
empty=annotationProcessor,testAnnotationProcessor
