# This is a Gradle generated file for dependency locking.
# Manual edits can break the build and are not advised.
# This file is expected to be part of source control.
avalon-framework:avalon-framework-api:4.3=compileClasspath,runtimeClasspath,testCompileClasspath,testRuntimeClasspath
avalon-framework:avalon-framework-impl:4.3=compileClasspath,runtimeClasspath,testCompileClasspath,testRuntimeClasspath
avalon-logkit:avalon-logkit:2.1=compileClasspath,runtimeClasspath,testCompileClasspath,testRuntimeClasspath
com.adobe.xmp:xmpcore:6.1.11=compileClasspath,runtimeClasspath,testCompileClasspath,testRuntimeClasspath
com.drewnoakes:metadata-extractor:2.19.0=compileClasspath,runtimeClasspath,testCompileClasspath,testRuntimeClasspath
com.twelvemonkeys.common:common-image:3.14.0=compileClasspath,runtimeClasspath,testCompileClasspath,testRuntimeClasspath
com.twelvemonkeys.common:common-io:3.14.0=compileClasspath,runtimeClasspath,testCompileClasspath,testRuntimeClasspath
com.twelvemonkeys.common:common-lang:3.14.0=compileClasspath,runtimeClasspath,testCompileClasspath,testRuntimeClasspath
com.twelvemonkeys.imageio:imageio-core:3.14.0=compileClasspath,runtimeClasspath,testCompileClasspath,testRuntimeClasspath
com.twelvemonkeys.imageio:imageio-jpeg:3.14.0=compileClasspath,runtimeClasspath,testCompileClasspath,testRuntimeClasspath
com.twelvemonkeys.imageio:imageio-metadata:3.14.0=compileClasspath,runtimeClasspath,testCompileClasspath,testRuntimeClasspath
com.twelvemonkeys.imageio:imageio-webp:3.14.0=compileClasspath,runtimeClasspath,testCompileClasspath,testRuntimeClasspath
commons-cli:commons-cli:1.0=compileClasspath,runtimeClasspath,testCompileClasspath,testRuntimeClasspath
commons-codec:commons-codec:1.11=compileClasspath,runtimeClasspath,testCompileClasspath,testRuntimeClasspath
commons-collections:commons-collections:20040616=compileClasspath,runtimeClasspath,testCompileClasspath,testRuntimeClasspath
commons-io:commons-io:2.22.0=compileClasspath,runtimeClasspath,testCompileClasspath,testRuntimeClasspath
commons-lang:commons-lang:1.0=compileClasspath,runtimeClasspath,testCompileClasspath,testRuntimeClasspath
commons-logging:commons-logging:1.2=compileClasspath,runtimeClasspath,testCompileClasspath,testRuntimeClasspath
commons-primitives:commons-primitives:20041207.202534=compileClasspath,runtimeClasspath,testCompileClasspath,testRuntimeClasspath
de.rototor.jeuclid:jeuclid-core:3.1.11=compileClasspath,runtimeClasspath,testCompileClasspath,testRuntimeClasspath
geronimo-spec:geronimo-spec-javamail:1.3.1-rc3=compileClasspath,runtimeClasspath,testCompileClasspath,testRuntimeClasspath
geronimo-spec:geronimo-spec-jms:1.1-rc4=compileClasspath,runtimeClasspath,testCompileClasspath,testRuntimeClasspath
jakarta.servlet:jakarta.servlet-api:5.0.0=compileClasspath,runtimeClasspath,testCompileClasspath,testRuntimeClasspath
javax.servlet:javax.servlet-api:4.0.1=compileClasspath,runtimeClasspath,testCompileClasspath,testRuntimeClasspath
javax.servlet:servlet-api:2.3=compileClasspath,runtimeClasspath,testCompileClasspath,testRuntimeClasspath
jmock:jmock:1.0.1=compileClasspath,runtimeClasspath,testCompileClasspath,testRuntimeClasspath
junit:junit:3.8.1=compileClasspath,runtimeClasspath,testCompileClasspath,testRuntimeClasspath
log4j:log4j:1.2.11=compileClasspath,runtimeClasspath,testCompileClasspath,testRuntimeClasspath
net.sf.barcode4j:barcode4j:2.1=compileClasspath,runtimeClasspath,testCompileClasspath,testRuntimeClasspath
net.sourceforge.nekohtml:nekohtml:1.9.18=compileClasspath,runtimeClasspath,testCompileClasspath,testRuntimeClasspath
org.apache.ant:ant-launcher:1.7.1=compileClasspath,runtimeClasspath,testCompileClasspath,testRuntimeClasspath
org.apache.ant:ant:1.7.1=compileClasspath,runtimeClasspath,testCompileClasspath,testRuntimeClasspath
org.apache.httpcomponents:httpclient:4.5.14=compileClasspath,runtimeClasspath,testCompileClasspath,testRuntimeClasspath
org.apache.httpcomponents:httpcore-nio:4.4.16=compileClasspath,runtimeClasspath,testCompileClasspath,testRuntimeClasspath
org.apache.httpcomponents:httpcore:4.4.16=compileClasspath,runtimeClasspath,testCompileClasspath,testRuntimeClasspath
org.apache.httpcomponents:httpmime:4.5.14=compileClasspath,runtimeClasspath,testCompileClasspath,testRuntimeClasspath
org.apache.xmlgraphics:batik-anim:1.14=compileClasspath,runtimeClasspath,testCompileClasspath,testRuntimeClasspath
org.apache.xmlgraphics:batik-awt-util:1.14=compileClasspath,runtimeClasspath,testCompileClasspath,testRuntimeClasspath
org.apache.xmlgraphics:batik-bridge:1.14=compileClasspath,runtimeClasspath,testCompileClasspath,testRuntimeClasspath
org.apache.xmlgraphics:batik-constants:1.14=compileClasspath,runtimeClasspath,testCompileClasspath,testRuntimeClasspath
org.apache.xmlgraphics:batik-css:1.14=compileClasspath,runtimeClasspath,testCompileClasspath,testRuntimeClasspath
org.apache.xmlgraphics:batik-dom:1.14=compileClasspath,runtimeClasspath,testCompileClasspath,testRuntimeClasspath
org.apache.xmlgraphics:batik-ext:1.14=compileClasspath,runtimeClasspath,testCompileClasspath,testRuntimeClasspath
org.apache.xmlgraphics:batik-gvt:1.14=compileClasspath,runtimeClasspath,testCompileClasspath,testRuntimeClasspath
org.apache.xmlgraphics:batik-i18n:1.14=compileClasspath,runtimeClasspath,testCompileClasspath,testRuntimeClasspath
org.apache.xmlgraphics:batik-parser:1.14=compileClasspath,runtimeClasspath,testCompileClasspath,testRuntimeClasspath
org.apache.xmlgraphics:batik-script:1.14=compileClasspath,runtimeClasspath,testCompileClasspath,testRuntimeClasspath
org.apache.xmlgraphics:batik-shared-resources:1.14=compileClasspath,runtimeClasspath,testCompileClasspath,testRuntimeClasspath
org.apache.xmlgraphics:batik-svg-dom:1.14=compileClasspath,runtimeClasspath,testCompileClasspath,testRuntimeClasspath
org.apache.xmlgraphics:batik-svggen:1.14=compileClasspath,runtimeClasspath,testCompileClasspath,testRuntimeClasspath
org.apache.xmlgraphics:batik-util:1.14=compileClasspath,runtimeClasspath,testCompileClasspath,testRuntimeClasspath
org.apache.xmlgraphics:batik-xml:1.14=compileClasspath,runtimeClasspath,testCompileClasspath,testRuntimeClasspath
org.apache.xmlgraphics:xmlgraphics-commons:2.6=compileClasspath,runtimeClasspath,testCompileClasspath,testRuntimeClasspath
org.w3c.css:sac:1.3=compileClasspath,runtimeClasspath,testCompileClasspath,testRuntimeClasspath
servletapi:servletapi:2.3=compileClasspath,runtimeClasspath,testCompileClasspath,testRuntimeClasspath
xalan:serializer:2.7.2=compileClasspath,runtimeClasspath,testCompileClasspath,testRuntimeClasspath
xalan:xalan:2.7.2=compileClasspath,runtimeClasspath,testCompileClasspath,testRuntimeClasspath
xerces:xerces:2.4.0=compileClasspath,runtimeClasspath,testCompileClasspath,testRuntimeClasspath
xerces:xercesImpl:2.11.0=compileClasspath,runtimeClasspath,testCompileClasspath,testRuntimeClasspath
xml-apis:xml-apis-ext:1.3.04=compileClasspath,runtimeClasspath,testCompileClasspath,testRuntimeClasspath
xml-apis:xml-apis:1.4.01=compileClasspath,runtimeClasspath,testCompileClasspath,testRuntimeClasspath
xml-apis:xmlParserAPIs:2.0.2=compileClasspath,runtimeClasspath,testCompileClasspath,testRuntimeClasspath
empty=annotationProcessor,testAnnotationProcessor
